
Microsoft Visual Studio Solution File, Format Version 12.00
# Visual Studio Version 17
VisualStudioVersion = 17.4.33213.308
MinimumVisualStudioVersion = 10.0.40219.1
Project("{2150E333-8FDC-42A3-9474-1A3956D46DE8}") = "Services", "Services", "{F6F33704-3477-483E-910D-E2299AFF8F0B}"
EndProject
Project("{2150E333-8FDC-42A3-9474-1A3956D46DE8}") = "Catalog", "Catalog", "{704B0933-3ABE-4A79-973E-DF0F18F8F92C}"
EndProject
Project("{9A19103F-16F7-4668-BE54-9A1E7A4F7556}") = "Catalog.API", "Services\Catalog\Catalog.API\Catalog.API.csproj", "{9D1546EF-8301-406A-9AB5-96D43E8A5699}"
EndProject
Project("{E53339B2-1760-4266-BCC7-CA923CBCF16C}") = "docker-compose", "docker-compose.dcproj", "{A23635FF-1872-4C00-AE0A-84698065404D}"
EndProject
Project("{2150E333-8FDC-42A3-9474-1A3956D46DE8}") = "Basket", "Basket", "{05E5ADF9-092B-4DC7-A78F-4BD811D03760}"
EndProject
Project("{9A19103F-16F7-4668-BE54-9A1E7A4F7556}") = "Basket.API", "Services\Basket\Basket.API\Basket.API.csproj", "{43C56CA0-8469-4886-80BE-A9C1122651CB}"
EndProject
Project("{2150E333-8FDC-42A3-9474-1A3956D46DE8}") = "Discount", "Discount", "{F0B77070-E3D8-4EBB-9E5B-832B3D060164}"
EndProject
Project("{FAE04EC0-301F-11D3-BF4B-00C04F79EFBC}") = "Discount.API", "Services\Discount\Discount.API\Discount.API.csproj", "{AED6469E-861B-4EDC-BDA6-30EE5A44AB28}"
EndProject
Global
	GlobalSection(SolutionConfigurationPlatforms) = preSolution
		Debug|Any CPU = Debug|Any CPU
		Release|Any CPU = Release|Any CPU
	EndGlobalSection
	GlobalSection(ProjectConfigurationPlatforms) = postSolution
		{9D1546EF-8301-406A-9AB5-96D43E8A5699}.Debug|Any CPU.ActiveCfg = Debug|Any CPU
		{9D1546EF-8301-406A-9AB5-96D43E8A5699}.Debug|Any CPU.Build.0 = Debug|Any CPU
		{9D1546EF-8301-406A-9AB5-96D43E8A5699}.Release|Any CPU.ActiveCfg = Release|Any CPU
		{9D1546EF-8301-406A-9AB5-96D43E8A5699}.Release|Any CPU.Build.0 = Release|Any CPU
		{A23635FF-1872-4C00-AE0A-84698065404D}.Debug|Any CPU.ActiveCfg = Debug|Any CPU
		{A23635FF-1872-4C00-AE0A-84698065404D}.Debug|Any CPU.Build.0 = Debug|Any CPU
		{A23635FF-1872-4C00-AE0A-84698065404D}.Release|Any CPU.ActiveCfg = Release|Any CPU
		{A23635FF-1872-4C00-AE0A-84698065404D}.Release|Any CPU.Build.0 = Release|Any CPU
		{43C56CA0-8469-4886-80BE-A9C1122651CB}.Debug|Any CPU.ActiveCfg = Debug|Any CPU
		{43C56CA0-8469-4886-80BE-A9C1122651CB}.Debug|Any CPU.Build.0 = Debug|Any CPU
		{43C56CA0-8469-4886-80BE-A9C1122651CB}.Release|Any CPU.ActiveCfg = Release|Any CPU
		{43C56CA0-8469-4886-80BE-A9C1122651CB}.Release|Any CPU.Build.0 = Release|Any CPU
		{AED6469E-861B-4EDC-BDA6-30EE5A44AB28}.Debug|Any CPU.ActiveCfg = Debug|Any CPU
		{AED6469E-861B-4EDC-BDA6-30EE5A44AB28}.Debug|Any CPU.Build.0 = Debug|Any CPU
		{AED6469E-861B-4EDC-BDA6-30EE5A44AB28}.Release|Any CPU.ActiveCfg = Release|Any CPU
		{AED6469E-861B-4EDC-BDA6-30EE5A44AB28}.Release|Any CPU.Build.0 = Release|Any CPU
	EndGlobalSection
	GlobalSection(SolutionProperties) = preSolution
		HideSolutionNode = FALSE
	EndGlobalSection
	GlobalSection(NestedProjects) = preSolution
		{704B0933-3ABE-4A79-973E-DF0F18F8F92C} = {F6F33704-3477-483E-910D-E2299AFF8F0B}
		{9D1546EF-8301-406A-9AB5-96D43E8A5699} = {704B0933-3ABE-4A79-973E-DF0F18F8F92C}
		{05E5ADF9-092B-4DC7-A78F-4BD811D03760} = {F6F33704-3477-483E-910D-E2299AFF8F0B}
		{43C56CA0-8469-4886-80BE-A9C1122651CB} = {05E5ADF9-092B-4DC7-A78F-4BD811D03760}
		{F0B77070-E3D8-4EBB-9E5B-832B3D060164} = {F6F33704-3477-483E-910D-E2299AFF8F0B}
		{AED6469E-861B-4EDC-BDA6-30EE5A44AB28} = {F0B77070-E3D8-4EBB-9E5B-832B3D060164}
	EndGlobalSection
	GlobalSection(ExtensibilityGlobals) = postSolution
		SolutionGuid = {3DC950F6-6ACB-45A9-97AF-C868545B054F}
	EndGlobalSection
EndGlobal
